
Microsoft Visual Studio Solution File, Format Version 12.00
# Visual Studio Version 16
VisualStudioVersion = 16.0.32413.511
MinimumVisualStudioVersion = 10.0.40219.1
Project("{FAE04EC0-301F-11D3-BF4B-00C04F79EFBC}") = "DevCloudInABottleMod", "DevCloudInABottleMod\DevCloudInABottleMod.csproj", "{C055C8A7-3671-4D8D-9510-D9CD7BF5847D}"
EndProject
Global
	GlobalSection(SolutionConfigurationPlatforms) = preSolution
		Debug|Any CPU = Debug|Any CPU
		Release|Any CPU = Release|Any CPU
	EndGlobalSection
	GlobalSection(ProjectConfigurationPlatforms) = postSolution
		{C055C8A7-3671-4D8D-9510-D9CD7BF5847D}.Debug|Any CPU.ActiveCfg = Debug|Any CPU
		{C055C8A7-3671-4D8D-9510-D9CD7BF5847D}.Debug|Any CPU.Build.0 = Debug|Any CPU
		{C055C8A7-3671-4D8D-9510-D9CD7BF5847D}.Release|Any CPU.ActiveCfg = Release|Any CPU
		{C055C8A7-3671-4D8D-9510-D9CD7BF5847D}.Release|Any CPU.Build.0 = Release|Any CPU
	EndGlobalSection
	GlobalSection(SolutionProperties) = preSolution
		HideSolutionNode = FALSE
	EndGlobalSection
	GlobalSection(ExtensibilityGlobals) = postSolution
		SolutionGuid = {33EE1F30-BFAF-4373-926C-A60AE6B38E4E}
	EndGlobalSection
EndGlobal
